PODS:
  - SDWebImage (5.18.11):
    - SDWebImage/Core (= 5.18.11)
  - SDWebImage/Core (5.18.11)

DEPENDENCIES:
  - SDWebImage

SPEC REPOS:
  trunk:
    - SDWebImage

SPEC CHECKSUMS:
  SDWebImage: a3ba0b8faac7228c3c8eadd1a55c9c9fe5e16457

PODFILE CHECKSUM: bf7e60d9d7398c74807b042e4f9e2f53e13ac029

COCOAPODS: 1.15.2
