// !$*UTF8*$!
{
	archiveVersion = 1;
	classes = {
	};
	objectVersion = 56;
	objects = {

/* Begin PBXBuildFile section */
		20322677CDF3D23B28F92375 /* Pods_MoviesListingTests.framework in Frameworks */ = {isa = PBXBuildFile; fileRef = 7D20913B06E69DBC1C2085FD /* Pods_MoviesListingTests.framework */; };
		4DE09526CC15967632E4662F /* Pods_MoviesListing_MoviesListingUITests.framework in Frameworks */ = {isa = PBXBuildFile; fileRef = 1142C381F33D36722B7ACBD2 /* Pods_MoviesListing_MoviesListingUITests.framework */; };
		561ECF792B6A774E006343B2 /* AppDelegate.swift in Sources */ = {isa = PBXBuildFile; fileRef = 561ECF782B6A774E006343B2 /* AppDelegate.swift */; };
		561ECF7B2B6A774E006343B2 /* SceneDelegate.swift in Sources */ = {isa = PBXBuildFile; fileRef = 561ECF7A2B6A774E006343B2 /* SceneDelegate.swift */; };
		561ECF7D2B6A774E006343B2 /* HomeViewController.swift in Sources */ = {isa = PBXBuildFile; fileRef = 561ECF7C2B6A774E006343B2 /* HomeViewController.swift */; };
		561ECF802B6A774E006343B2 /* Main.storyboard in Resources */ = {isa = PBXBuildFile; fileRef = 561ECF7E2B6A774E006343B2 /* Main.storyboard */; };
		561ECF822B6A7750006343B2 /* Assets.xcassets in Resources */ = {isa = PBXBuildFile; fileRef = 561ECF812B6A7750006343B2 /* Assets.xcassets */; };
		561ECF852B6A7750006343B2 /* LaunchScreen.storyboard in Resources */ = {isa = PBXBuildFile; fileRef = 561ECF832B6A7750006343B2 /* LaunchScreen.storyboard */; };
		561ECF902B6A7750006343B2 /* MoviesListingTests.swift in Sources */ = {isa = PBXBuildFile; fileRef = 561ECF8F2B6A7750006343B2 /* MoviesListingTests.swift */; };
		561ECF9A2B6A7750006343B2 /* MoviesListingUITests.swift in Sources */ = {isa = PBXBuildFile; fileRef = 561ECF992B6A7750006343B2 /* MoviesListingUITests.swift */; };
		561ECF9C2B6A7750006343B2 /* MoviesListingUITestsLaunchTests.swift in Sources */ = {isa = PBXBuildFile; fileRef = 561ECF9B2B6A7750006343B2 /* MoviesListingUITestsLaunchTests.swift */; };
		561ECFA92B6AB771006343B2 /* HomeViewModel.swift in Sources */ = {isa = PBXBuildFile; fileRef = 561ECFA82B6AB771006343B2 /* HomeViewModel.swift */; };
		561ECFAB2B6B6101006343B2 /* ListingViewController.swift in Sources */ = {isa = PBXBuildFile; fileRef = 561ECFAA2B6B6101006343B2 /* ListingViewController.swift */; };
		561ECFAD2B6B6707006343B2 /* MoviesModel.swift in Sources */ = {isa = PBXBuildFile; fileRef = 561ECFAC2B6B6707006343B2 /* MoviesModel.swift */; };
		561ECFB02B6B7660006343B2 /* MovieListingCell.swift in Sources */ = {isa = PBXBuildFile; fileRef = 561ECFAE2B6B7660006343B2 /* MovieListingCell.swift */; };
		561ECFB12B6B7660006343B2 /* MovieListingCell.xib in Resources */ = {isa = PBXBuildFile; fileRef = 561ECFAF2B6B7660006343B2 /* MovieListingCell.xib */; };
		561ECFB52B6BA871006343B2 /* MovieDetailsController.swift in Sources */ = {isa = PBXBuildFile; fileRef = 561ECFB42B6BA871006343B2 /* MovieDetailsController.swift */; };
		561ECFB82B6BAD25006343B2 /* MovieDetailsCell.swift in Sources */ = {isa = PBXBuildFile; fileRef = 561ECFB62B6BAD25006343B2 /* MovieDetailsCell.swift */; };
		561ECFB92B6BAD25006343B2 /* MovieDetailsCell.xib in Resources */ = {isa = PBXBuildFile; fileRef = 561ECFB72B6BAD25006343B2 /* MovieDetailsCell.xib */; };
		561ECFC52B6D04F2006343B2 /* MovieDetailsModel.swift in Sources */ = {isa = PBXBuildFile; fileRef = 561ECFC42B6D04F2006343B2 /* MovieDetailsModel.swift */; };
		561ECFC72B6FF630006343B2 /* NetworkManager.swift in Sources */ = {isa = PBXBuildFile; fileRef = 561ECFC62B6FF630006343B2 /* NetworkManager.swift */; };
		561ECFC92B6FFA1B006343B2 /* ListingViewModel.swift in Sources */ = {isa = PBXBuildFile; fileRef = 561ECFC82B6FFA1B006343B2 /* ListingViewModel.swift */; };
		561ECFCB2B70F9A3006343B2 /* ImageCache.swift in Sources */ = {isa = PBXBuildFile; fileRef = 561ECFCA2B70F9A3006343B2 /* ImageCache.swift */; };
		56DEDE2A2B7B360D00B8821C /* RootTabBarController.swift in Sources */ = {isa = PBXBuildFile; fileRef = 56DEDE292B7B360D00B8821C /* RootTabBarController.swift */; };
		56E712E22B7CE71500749CB5 /* Pods_MoviesListing.framework in Frameworks */ = {isa = PBXBuildFile; fileRef = 15E17F0DB3FFAE1824A3FC28 /* Pods_MoviesListing.framework */; };
		56E712E32B7CE71500749CB5 /* Pods_MoviesListing.framework in Embed Frameworks */ = {isa = PBXBuildFile; fileRef = 15E17F0DB3FFAE1824A3FC28 /* Pods_MoviesListing.framework */; settings = {ATTRIBUTES = (CodeSignOnCopy, RemoveHeadersOnCopy, ); }; };
/* End PBXBuildFile section */

/* Begin PBXContainerItemProxy section */
		561ECF8C2B6A7750006343B2 /* PBXContainerItemProxy */ = {
			isa = PBXContainerItemProxy;
			containerPortal = 561ECF6D2B6A774E006343B2 /* Project object */;
			proxyType = 1;
			remoteGlobalIDString = 561ECF742B6A774E006343B2;
			remoteInfo = MoviesListing;
		};
		561ECF962B6A7750006343B2 /* PBXContainerItemProxy */ = {
			isa = PBXContainerItemProxy;
			containerPortal = 561ECF6D2B6A774E006343B2 /* Project object */;
			proxyType = 1;
			remoteGlobalIDString = 561ECF742B6A774E006343B2;
			remoteInfo = MoviesListing;
		};
/* End PBXContainerItemProxy section */

/* Begin PBXCopyFilesBuildPhase section */
		56E712E42B7CE71500749CB5 /* Embed Frameworks */ = {
			isa = PBXCopyFilesBuildPhase;
			buildActionMask = 2147483647;
			dstPath = "";
			dstSubfolderSpec = 10;
			files = (
				56E712E32B7CE71500749CB5 /* Pods_MoviesListing.framework in Embed Frameworks */,
			);
			name = "Embed Frameworks";
			runOnlyForDeploymentPostprocessing = 0;
		};
/* End PBXCopyFilesBuildPhase section */

/* Begin PBXFileReference section */
		0CEB62D5839AB5FAFE894A4D /* Pods-MoviesListing.debug.xcconfig */ = {isa = PBXFileReference; includeInIndex = 1; lastKnownFileType = text.xcconfig; name = "Pods-MoviesListing.debug.xcconfig"; path = "Target Support Files/Pods-MoviesListing/Pods-MoviesListing.debug.xcconfig"; sourceTree = "<group>"; };
		1142C381F33D36722B7ACBD2 /* Pods_MoviesListing_MoviesListingUITests.framework */ = {isa = PBXFileReference; explicitFileType = wrapper.framework; includeInIndex = 0; path = Pods_MoviesListing_MoviesListingUITests.framework; sourceTree = BUILT_PRODUCTS_DIR; };
		15E17F0DB3FFAE1824A3FC28 /* Pods_MoviesListing.framework */ = {isa = PBXFileReference; explicitFileType = wrapper.framework; includeInIndex = 0; path = Pods_MoviesListing.framework; sourceTree = BUILT_PRODUCTS_DIR; };
		561ECF752B6A774E006343B2 /* MoviesListing.app */ = {isa = PBXFileReference; explicitFileType = wrapper.application; includeInIndex = 0; path = MoviesListing.app; sourceTree = BUILT_PRODUCTS_DIR; };
		561ECF782B6A774E006343B2 /* AppDelegate.swift */ = {isa = PBXFileReference; lastKnownFileType = sourcecode.swift; path = AppDelegate.swift; sourceTree = "<group>"; };
		561ECF7A2B6A774E006343B2 /* SceneDelegate.swift */ = {isa = PBXFileReference; lastKnownFileType = sourcecode.swift; path = SceneDelegate.swift; sourceTree = "<group>"; };
		561ECF7C2B6A774E006343B2 /* HomeViewController.swift */ = {isa = PBXFileReference; lastKnownFileType = sourcecode.swift; path = HomeViewController.swift; sourceTree = "<group>"; };
		561ECF7F2B6A774E006343B2 /* Base */ = {isa = PBXFileReference; lastKnownFileType = file.storyboard; name = Base; path = Base.lproj/Main.storyboard; sourceTree = "<group>"; };
		561ECF812B6A7750006343B2 /* Assets.xcassets */ = {isa = PBXFileReference; lastKnownFileType = folder.assetcatalog; path = Assets.xcassets; sourceTree = "<group>"; };
		561ECF842B6A7750006343B2 /* Base */ = {isa = PBXFileReference; lastKnownFileType = file.storyboard; name = Base; path = Base.lproj/LaunchScreen.storyboard; sourceTree = "<group>"; };
		561ECF862B6A7750006343B2 /* Info.plist */ = {isa = PBXFileReference; lastKnownFileType = text.plist.xml; path = Info.plist; sourceTree = "<group>"; };
		561ECF8B2B6A7750006343B2 /* MoviesListingTests.xctest */ = {isa = PBXFileReference; explicitFileType = wrapper.cfbundle; includeInIndex = 0; path = MoviesListingTests.xctest; sourceTree = BUILT_PRODUCTS_DIR; };
		561ECF8F2B6A7750006343B2 /* MoviesListingTests.swift */ = {isa = PBXFileReference; lastKnownFileType = sourcecode.swift; path = MoviesListingTests.swift; sourceTree = "<group>"; };
		561ECF952B6A7750006343B2 /* MoviesListingUITests.xctest */ = {isa = PBXFileReference; explicitFileType = wrapper.cfbundle; includeInIndex = 0; path = MoviesListingUITests.xctest; sourceTree = BUILT_PRODUCTS_DIR; };
		561ECF992B6A7750006343B2 /* MoviesListingUITests.swift */ = {isa = PBXFileReference; lastKnownFileType = sourcecode.swift; path = MoviesListingUITests.swift; sourceTree = "<group>"; };
		561ECF9B2B6A7750006343B2 /* MoviesListingUITestsLaunchTests.swift */ = {isa = PBXFileReference; lastKnownFileType = sourcecode.swift; path = MoviesListingUITestsLaunchTests.swift; sourceTree = "<group>"; };
		561ECFA82B6AB771006343B2 /* HomeViewModel.swift */ = {isa = PBXFileReference; lastKnownFileType = sourcecode.swift; path = HomeViewModel.swift; sourceTree = "<group>"; };
		561ECFAA2B6B6101006343B2 /* ListingViewController.swift */ = {isa = PBXFileReference; lastKnownFileType = sourcecode.swift; path = ListingViewController.swift; sourceTree = "<group>"; };
		561ECFAC2B6B6707006343B2 /* MoviesModel.swift */ = {isa = PBXFileReference; lastKnownFileType = sourcecode.swift; path = MoviesModel.swift; sourceTree = "<group>"; };
		561ECFAE2B6B7660006343B2 /* MovieListingCell.swift */ = {isa = PBXFileReference; lastKnownFileType = sourcecode.swift; path = MovieListingCell.swift; sourceTree = "<group>"; };
		561ECFAF2B6B7660006343B2 /* MovieListingCell.xib */ = {isa = PBXFileReference; lastKnownFileType = file.xib; path = MovieListingCell.xib; sourceTree = "<group>"; };
		561ECFB42B6BA871006343B2 /* MovieDetailsController.swift */ = {isa = PBXFileReference; lastKnownFileType = sourcecode.swift; path = MovieDetailsController.swift; sourceTree = "<group>"; };
		561ECFB62B6BAD25006343B2 /* MovieDetailsCell.swift */ = {isa = PBXFileReference; lastKnownFileType = sourcecode.swift; path = MovieDetailsCell.swift; sourceTree = "<group>"; };
		561ECFB72B6BAD25006343B2 /* MovieDetailsCell.xib */ = {isa = PBXFileReference; lastKnownFileType = file.xib; path = MovieDetailsCell.xib; sourceTree = "<group>"; };
		561ECFC42B6D04F2006343B2 /* MovieDetailsModel.swift */ = {isa = PBXFileReference; lastKnownFileType = sourcecode.swift; path = MovieDetailsModel.swift; sourceTree = "<group>"; };
		561ECFC62B6FF630006343B2 /* NetworkManager.swift */ = {isa = PBXFileReference; lastKnownFileType = sourcecode.swift; path = NetworkManager.swift; sourceTree = "<group>"; };
		561ECFC82B6FFA1B006343B2 /* ListingViewModel.swift */ = {isa = PBXFileReference; lastKnownFileType = sourcecode.swift; path = ListingViewModel.swift; sourceTree = "<group>"; };
		561ECFCA2B70F9A3006343B2 /* ImageCache.swift */ = {isa = PBXFileReference; lastKnownFileType = sourcecode.swift; path = ImageCache.swift; sourceTree = "<group>"; };
		56DEDE292B7B360D00B8821C /* RootTabBarController.swift */ = {isa = PBXFileReference; lastKnownFileType = sourcecode.swift; path = RootTabBarController.swift; sourceTree = "<group>"; };
		7D20913B06E69DBC1C2085FD /* Pods_MoviesListingTests.framework */ = {isa = PBXFileReference; explicitFileType = wrapper.framework; includeInIndex = 0; path = Pods_MoviesListingTests.framework; sourceTree = BUILT_PRODUCTS_DIR; };
		9E58735299379BF100F63505 /* Pods-MoviesListingTests.debug.xcconfig */ = {isa = PBXFileReference; includeInIndex = 1; lastKnownFileType = text.xcconfig; name = "Pods-MoviesListingTests.debug.xcconfig"; path = "Target Support Files/Pods-MoviesListingTests/Pods-MoviesListingTests.debug.xcconfig"; sourceTree = "<group>"; };
		A429EB2E0053C2B0853DE4FC /* Pods-MoviesListing.release.xcconfig */ = {isa = PBXFileReference; includeInIndex = 1; lastKnownFileType = text.xcconfig; name = "Pods-MoviesListing.release.xcconfig"; path = "Target Support Files/Pods-MoviesListing/Pods-MoviesListing.release.xcconfig"; sourceTree = "<group>"; };
		ABCBAEA581FFBF039650D8B0 /* Pods-MoviesListing-MoviesListingUITests.debug.xcconfig */ = {isa = PBXFileReference; includeInIndex = 1; lastKnownFileType = text.xcconfig; name = "Pods-MoviesListing-MoviesListingUITests.debug.xcconfig"; path = "Target Support Files/Pods-MoviesListing-MoviesListingUITests/Pods-MoviesListing-MoviesListingUITests.debug.xcconfig"; sourceTree = "<group>"; };
		B56DD36E3F93458A8236FBE7 /* Pods-MoviesListingTests.release.xcconfig */ = {isa = PBXFileReference; includeInIndex = 1; lastKnownFileType = text.xcconfig; name = "Pods-MoviesListingTests.release.xcconfig"; path = "Target Support Files/Pods-MoviesListingTests/Pods-MoviesListingTests.release.xcconfig"; sourceTree = "<group>"; };
		FF03A02E4D0553171698800C /* Pods-MoviesListing-MoviesListingUITests.release.xcconfig */ = {isa = PBXFileReference; includeInIndex = 1; lastKnownFileType = text.xcconfig; name = "Pods-MoviesListing-MoviesListingUITests.release.xcconfig"; path = "Target Support Files/Pods-MoviesListing-MoviesListingUITests/Pods-MoviesListing-MoviesListingUITests.release.xcconfig"; sourceTree = "<group>"; };
/* End PBXFileReference section */

/* Begin PBXFrameworksBuildPhase section */
		561ECF722B6A774E006343B2 /* Frameworks */ = {
			isa = PBXFrameworksBuildPhase;
			buildActionMask = 2147483647;
			files = (
				56E712E22B7CE71500749CB5 /* Pods_MoviesListing.framework in Frameworks */,
			);
			runOnlyForDeploymentPostprocessing = 0;
		};
		561ECF882B6A7750006343B2 /* Frameworks */ = {
			isa = PBXFrameworksBuildPhase;
			buildActionMask = 2147483647;
			files = (
				20322677CDF3D23B28F92375 /* Pods_MoviesListingTests.framework in Frameworks */,
			);
			runOnlyForDeploymentPostprocessing = 0;
		};
		561ECF922B6A7750006343B2 /* Frameworks */ = {
			isa = PBXFrameworksBuildPhase;
			buildActionMask = 2147483647;
			files = (
				4DE09526CC15967632E4662F /* Pods_MoviesListing_MoviesListingUITests.framework in Frameworks */,
			);
			runOnlyForDeploymentPostprocessing = 0;
		};
/* End PBXFrameworksBuildPhase section */

/* Begin PBXGroup section */
		561ECF6C2B6A774E006343B2 = {
			isa = PBXGroup;
			children = (
				561ECF772B6A774E006343B2 /* MoviesListing */,
				561ECF8E2B6A7750006343B2 /* MoviesListingTests */,
				561ECF982B6A7750006343B2 /* MoviesListingUITests */,
				561ECF762B6A774E006343B2 /* Products */,
				FC6D48EB61062659C96758C2 /* Pods */,
				64C277A8F6A2D7481B8C922B /* Frameworks */,
			);
			sourceTree = "<group>";
		};
		561ECF762B6A774E006343B2 /* Products */ = {
			isa = PBXGroup;
			children = (
				561ECF752B6A774E006343B2 /* MoviesListing.app */,
				561ECF8B2B6A7750006343B2 /* MoviesListingTests.xctest */,
				561ECF952B6A7750006343B2 /* MoviesListingUITests.xctest */,
			);
			name = Products;
			sourceTree = "<group>";
		};
		561ECF772B6A774E006343B2 /* MoviesListing */ = {
			isa = PBXGroup;
			children = (
				56551DBC2B7C8B9300EE5362 /* MovieDetailsModule */,
				56551DBB2B7C8B7000EE5362 /* ListingPageModule */,
				56DEDE282B7B35B000B8821C /* RootTabBar */,
				561ECFCF2B7386DF006343B2 /* Utility */,
				561ECFCE2B7386C5006343B2 /* Networks */,
				561ECFCC2B738683006343B2 /* MoviesModel */,
				561ECFC02B6CEF8C006343B2 /* HomeModule */,
				561ECF782B6A774E006343B2 /* AppDelegate.swift */,
				561ECF7A2B6A774E006343B2 /* SceneDelegate.swift */,
				561ECF7E2B6A774E006343B2 /* Main.storyboard */,
				561ECF812B6A7750006343B2 /* Assets.xcassets */,
				561ECF832B6A7750006343B2 /* LaunchScreen.storyboard */,
				561ECF862B6A7750006343B2 /* Info.plist */,
			);
			path = MoviesListing;
			sourceTree = "<group>";
		};
		561ECF8E2B6A7750006343B2 /* MoviesListingTests */ = {
			isa = PBXGroup;
			children = (
				561ECF8F2B6A7750006343B2 /* MoviesListingTests.swift */,
			);
			path = MoviesListingTests;
			sourceTree = "<group>";
		};
		561ECF982B6A7750006343B2 /* MoviesListingUITests */ = {
			isa = PBXGroup;
			children = (
				561ECF992B6A7750006343B2 /* MoviesListingUITests.swift */,
				561ECF9B2B6A7750006343B2 /* MoviesListingUITestsLaunchTests.swift */,
			);
			path = MoviesListingUITests;
			sourceTree = "<group>";
		};
		561ECFC02B6CEF8C006343B2 /* HomeModule */ = {
			isa = PBXGroup;
			children = (
				561ECF7C2B6A774E006343B2 /* HomeViewController.swift */,
				561ECFA82B6AB771006343B2 /* HomeViewModel.swift */,
			);
			path = HomeModule;
			sourceTree = "<group>";
		};
		561ECFCC2B738683006343B2 /* MoviesModel */ = {
			isa = PBXGroup;
			children = (
				561ECFAC2B6B6707006343B2 /* MoviesModel.swift */,
			);
			path = MoviesModel;
			sourceTree = "<group>";
		};
		561ECFCE2B7386C5006343B2 /* Networks */ = {
			isa = PBXGroup;
			children = (
				561ECFC62B6FF630006343B2 /* NetworkManager.swift */,
			);
			path = Networks;
			sourceTree = "<group>";
		};
		561ECFCF2B7386DF006343B2 /* Utility */ = {
			isa = PBXGroup;
			children = (
				561ECFCA2B70F9A3006343B2 /* ImageCache.swift */,
			);
			path = Utility;
			sourceTree = "<group>";
		};
		56551DBB2B7C8B7000EE5362 /* ListingPageModule */ = {
			isa = PBXGroup;
			children = (
				561ECFAA2B6B6101006343B2 /* ListingViewController.swift */,
				561ECFC82B6FFA1B006343B2 /* ListingViewModel.swift */,
				561ECFAE2B6B7660006343B2 /* MovieListingCell.swift */,
				561ECFAF2B6B7660006343B2 /* MovieListingCell.xib */,
			);
			path = ListingPageModule;
			sourceTree = "<group>";
		};
		56551DBC2B7C8B9300EE5362 /* MovieDetailsModule */ = {
			isa = PBXGroup;
			children = (
				561ECFB42B6BA871006343B2 /* MovieDetailsController.swift */,
				561ECFC42B6D04F2006343B2 /* MovieDetailsModel.swift */,
				561ECFB72B6BAD25006343B2 /* MovieDetailsCell.xib */,
				561ECFB62B6BAD25006343B2 /* MovieDetailsCell.swift */,
			);
			path = MovieDetailsModule;
			sourceTree = "<group>";
		};
		56DEDE282B7B35B000B8821C /* RootTabBar */ = {
			isa = PBXGroup;
			children = (
				56DEDE292B7B360D00B8821C /* RootTabBarController.swift */,
			);
			path = RootTabBar;
			sourceTree = "<group>";
		};
		64C277A8F6A2D7481B8C922B /* Frameworks */ = {
			isa = PBXGroup;
			children = (
				15E17F0DB3FFAE1824A3FC28 /* Pods_MoviesListing.framework */,
				1142C381F33D36722B7ACBD2 /* Pods_MoviesListing_MoviesListingUITests.framework */,
				7D20913B06E69DBC1C2085FD /* Pods_MoviesListingTests.framework */,
			);
			name = Frameworks;
			sourceTree = "<group>";
		};
		FC6D48EB61062659C96758C2 /* Pods */ = {
			isa = PBXGroup;
			children = (
				0CEB62D5839AB5FAFE894A4D /* Pods-MoviesListing.debug.xcconfig */,
				A429EB2E0053C2B0853DE4FC /* Pods-MoviesListing.release.xcconfig */,
				ABCBAEA581FFBF039650D8B0 /* Pods-MoviesListing-MoviesListingUITests.debug.xcconfig */,
				FF03A02E4D0553171698800C /* Pods-MoviesListing-MoviesListingUITests.release.xcconfig */,
				9E58735299379BF100F63505 /* Pods-MoviesListingTests.debug.xcconfig */,
				B56DD36E3F93458A8236FBE7 /* Pods-MoviesListingTests.release.xcconfig */,
			);
			path = Pods;
			sourceTree = "<group>";
		};
/* End PBXGroup section */

/* Begin PBXNativeTarget section */
		561ECF742B6A774E006343B2 /* MoviesListing */ = {
			isa = PBXNativeTarget;
			buildConfigurationList = 561ECF9F2B6A7750006343B2 /* Build configuration list for PBXNativeTarget "MoviesListing" */;
			buildPhases = (
				F1D6911578DD0EB8206947F0 /* [CP] Check Pods Manifest.lock */,
				561ECF712B6A774E006343B2 /* Sources */,
				561ECF722B6A774E006343B2 /* Frameworks */,
				561ECF732B6A774E006343B2 /* Resources */,
				56E712E42B7CE71500749CB5 /* Embed Frameworks */,
			);
			buildRules = (
			);
			dependencies = (
			);
			name = MoviesListing;
			productName = MoviesListing;
			productReference = 561ECF752B6A774E006343B2 /* MoviesListing.app */;
			productType = "com.apple.product-type.application";
		};
		561ECF8A2B6A7750006343B2 /* MoviesListingTests */ = {
			isa = PBXNativeTarget;
			buildConfigurationList = 561ECFA22B6A7750006343B2 /* Build configuration list for PBXNativeTarget "MoviesListingTests" */;
			buildPhases = (
				8A796B9F9E7AF58A22F9C077 /* [CP] Check Pods Manifest.lock */,
				561ECF872B6A7750006343B2 /* Sources */,
				561ECF882B6A7750006343B2 /* Frameworks */,
				561ECF892B6A7750006343B2 /* Resources */,
				4E33E8023E23C27C4C6A78B9 /* [CP] Embed Pods Frameworks */,
			);
			buildRules = (
			);
			dependencies = (
				561ECF8D2B6A7750006343B2 /* PBXTargetDependency */,
			);
			name = MoviesListingTests;
			productName = MoviesListingTests;
			productReference = 561ECF8B2B6A7750006343B2 /* MoviesListingTests.xctest */;
			productType = "com.apple.product-type.bundle.unit-test";
		};
		561ECF942B6A7750006343B2 /* MoviesListingUITests */ = {
			isa = PBXNativeTarget;
			buildConfigurationList = 561ECFA52B6A7750006343B2 /* Build configuration list for PBXNativeTarget "MoviesListingUITests" */;
			buildPhases = (
				21BEF8543D484EBBEF811B84 /* [CP] Check Pods Manifest.lock */,
				561ECF912B6A7750006343B2 /* Sources */,
				561ECF922B6A7750006343B2 /* Frameworks */,
				561ECF932B6A7750006343B2 /* Resources */,
			);
			buildRules = (
			);
			dependencies = (
				561ECF972B6A7750006343B2 /* PBXTargetDependency */,
			);
			name = MoviesListingUITests;
			productName = MoviesListingUITests;
			productReference = 561ECF952B6A7750006343B2 /* MoviesListingUITests.xctest */;
			productType = "com.apple.product-type.bundle.ui-testing";
		};
/* End PBXNativeTarget section */

/* Begin PBXProject section */
		561ECF6D2B6A774E006343B2 /* Project object */ = {
			isa = PBXProject;
			attributes = {
				BuildIndependentTargetsInParallel = 1;
				LastSwiftUpdateCheck = 1400;
				LastUpgradeCheck = 1500;
				TargetAttributes = {
					561ECF742B6A774E006343B2 = {
						CreatedOnToolsVersion = 14.0.1;
					};
					561ECF8A2B6A7750006343B2 = {
						CreatedOnToolsVersion = 14.0.1;
						TestTargetID = 561ECF742B6A774E006343B2;
					};
					561ECF942B6A7750006343B2 = {
						CreatedOnToolsVersion = 14.0.1;
						TestTargetID = 561ECF742B6A774E006343B2;
					};
				};
			};
			buildConfigurationList = 561ECF702B6A774E006343B2 /* Build configuration list for PBXProject "MoviesListing" */;
			compatibilityVersion = "Xcode 14.0";
			developmentRegion = en;
			hasScannedForEncodings = 0;
			knownRegions = (
				en,
				Base,
			);
			mainGroup = 561ECF6C2B6A774E006343B2;
			productRefGroup = 561ECF762B6A774E006343B2 /* Products */;
			projectDirPath = "";
			projectRoot = "";
			targets = (
				561ECF742B6A774E006343B2 /* MoviesListing */,
				561ECF8A2B6A7750006343B2 /* MoviesListingTests */,
				561ECF942B6A7750006343B2 /* MoviesListingUITests */,
			);
		};
/* End PBXProject section */

/* Begin PBXResourcesBuildPhase section */
		561ECF732B6A774E006343B2 /* Resources */ = {
			isa = PBXResourcesBuildPhase;
			buildActionMask = 2147483647;
			files = (
				561ECF852B6A7750006343B2 /* LaunchScreen.storyboard in Resources */,
				561ECFB92B6BAD25006343B2 /* MovieDetailsCell.xib in Resources */,
				561ECF822B6A7750006343B2 /* Assets.xcassets in Resources */,
				561ECF802B6A774E006343B2 /* Main.storyboard in Resources */,
				561ECFB12B6B7660006343B2 /* MovieListingCell.xib in Resources */,
			);
			runOnlyForDeploymentPostprocessing = 0;
		};
		561ECF892B6A7750006343B2 /* Resources */ = {
			isa = PBXResourcesBuildPhase;
			buildActionMask = 2147483647;
			files = (
			);
			runOnlyForDeploymentPostprocessing = 0;
		};
		561ECF932B6A7750006343B2 /* Resources */ = {
			isa = PBXResourcesBuildPhase;
			buildActionMask = 2147483647;
			files = (
			);
			runOnlyForDeploymentPostprocessing = 0;
		};
/* End PBXResourcesBuildPhase section */

/* Begin PBXShellScriptBuildPhase section */
		21BEF8543D484EBBEF811B84 /* [CP] Check Pods Manifest.lock */ = {
			isa = PBXShellScriptBuildPhase;
			buildActionMask = 2147483647;
			files = (
			);
			inputFileListPaths = (
			);
			inputPaths = (
				"${PODS_PODFILE_DIR_PATH}/Podfile.lock",
				"${PODS_ROOT}/Manifest.lock",
			);
			name = "[CP] Check Pods Manifest.lock";
			outputFileListPaths = (
			);
			outputPaths = (
				"$(DERIVED_FILE_DIR)/Pods-MoviesListing-MoviesListingUITests-checkManifestLockResult.txt",
			);
			runOnlyForDeploymentPostprocessing = 0;
			shellPath = /bin/sh;
			shellScript = "diff \"${PODS_PODFILE_DIR_PATH}/Podfile.lock\" \"${PODS_ROOT}/Manifest.lock\" > /dev/null\nif [ $? != 0 ] ; then\n    # print error to STDERR\n    echo \"error: The sandbox is not in sync with the Podfile.lock. Run 'pod install' or update your CocoaPods installation.\" >&2\n    exit 1\nfi\n# This output is used by Xcode 'outputs' to avoid re-running this script phase.\necho \"SUCCESS\" > \"${SCRIPT_OUTPUT_FILE_0}\"\n";
			showEnvVarsInLog = 0;
		};
		4E33E8023E23C27C4C6A78B9 /* [CP] Embed Pods Frameworks */ = {
			isa = PBXShellScriptBuildPhase;
			buildActionMask = 2147483647;
			files = (
			);
			inputFileListPaths = (
				"${PODS_ROOT}/Target Support Files/Pods-MoviesListingTests/Pods-MoviesListingTests-frameworks-${CONFIGURATION}-input-files.xcfilelist",
			);
			name = "[CP] Embed Pods Frameworks";
			outputFileListPaths = (
				"${PODS_ROOT}/Target Support Files/Pods-MoviesListingTests/Pods-MoviesListingTests-frameworks-${CONFIGURATION}-output-files.xcfilelist",
			);
			runOnlyForDeploymentPostprocessing = 0;
			shellPath = /bin/sh;
			shellScript = "\"${PODS_ROOT}/Target Support Files/Pods-MoviesListingTests/Pods-MoviesListingTests-frameworks.sh\"\n";
			showEnvVarsInLog = 0;
		};
		8A796B9F9E7AF58A22F9C077 /* [CP] Check Pods Manifest.lock */ = {
			isa = PBXShellScriptBuildPhase;
			buildActionMask = 2147483647;
			files = (
			);
			inputFileListPaths = (
			);
			inputPaths = (
				"${PODS_PODFILE_DIR_PATH}/Podfile.lock",
				"${PODS_ROOT}/Manifest.lock",
			);
			name = "[CP] Check Pods Manifest.lock";
			outputFileListPaths = (
			);
			outputPaths = (
				"$(DERIVED_FILE_DIR)/Pods-MoviesListingTests-checkManifestLockResult.txt",
			);
			runOnlyForDeploymentPostprocessing = 0;
			shellPath = /bin/sh;
			shellScript = "diff \"${PODS_PODFILE_DIR_PATH}/Podfile.lock\" \"${PODS_ROOT}/Manifest.lock\" > /dev/null\nif [ $? != 0 ] ; then\n    # print error to STDERR\n    echo \"error: The sandbox is not in sync with the Podfile.lock. Run 'pod install' or update your CocoaPods installation.\" >&2\n    exit 1\nfi\n# This output is used by Xcode 'outputs' to avoid re-running this script phase.\necho \"SUCCESS\" > \"${SCRIPT_OUTPUT_FILE_0}\"\n";
			showEnvVarsInLog = 0;
		};
		F1D6911578DD0EB8206947F0 /* [CP] Check Pods Manifest.lock */ = {
			isa = PBXShellScriptBuildPhase;
			buildActionMask = 2147483647;
			files = (
			);
			inputFileListPaths = (
			);
			inputPaths = (
				"${PODS_PODFILE_DIR_PATH}/Podfile.lock",
				"${PODS_ROOT}/Manifest.lock",
			);
			name = "[CP] Check Pods Manifest.lock";
			outputFileListPaths = (
			);
			outputPaths = (
				"$(DERIVED_FILE_DIR)/Pods-MoviesListing-checkManifestLockResult.txt",
			);
			runOnlyForDeploymentPostprocessing = 0;
			shellPath = /bin/sh;
			shellScript = "diff \"${PODS_PODFILE_DIR_PATH}/Podfile.lock\" \"${PODS_ROOT}/Manifest.lock\" > /dev/null\nif [ $? != 0 ] ; then\n    # print error to STDERR\n    echo \"error: The sandbox is not in sync with the Podfile.lock. Run 'pod install' or update your CocoaPods installation.\" >&2\n    exit 1\nfi\n# This output is used by Xcode 'outputs' to avoid re-running this script phase.\necho \"SUCCESS\" > \"${SCRIPT_OUTPUT_FILE_0}\"\n";
			showEnvVarsInLog = 0;
		};
/* End PBXShellScriptBuildPhase section */

/* Begin PBXSourcesBuildPhase section */
		561ECF712B6A774E006343B2 /* Sources */ = {
			isa = PBXSourcesBuildPhase;
			buildActionMask = 2147483647;
			files = (
				561ECF7D2B6A774E006343B2 /* HomeViewController.swift in Sources */,
				56DEDE2A2B7B360D00B8821C /* RootTabBarController.swift in Sources */,
				561ECFCB2B70F9A3006343B2 /* ImageCache.swift in Sources */,
				561ECFC52B6D04F2006343B2 /* MovieDetailsModel.swift in Sources */,
				561ECF792B6A774E006343B2 /* AppDelegate.swift in Sources */,
				561ECFB52B6BA871006343B2 /* MovieDetailsController.swift in Sources */,
				561ECFC72B6FF630006343B2 /* NetworkManager.swift in Sources */,
				561ECFAD2B6B6707006343B2 /* MoviesModel.swift in Sources */,
				561ECF7B2B6A774E006343B2 /* SceneDelegate.swift in Sources */,
				561ECFB02B6B7660006343B2 /* MovieListingCell.swift in Sources */,
				561ECFA92B6AB771006343B2 /* HomeViewModel.swift in Sources */,
				561ECFAB2B6B6101006343B2 /* ListingViewController.swift in Sources */,
				561ECFB82B6BAD25006343B2 /* MovieDetailsCell.swift in Sources */,
				561ECFC92B6FFA1B006343B2 /* ListingViewModel.swift in Sources */,
			);
			runOnlyForDeploymentPostprocessing = 0;
		};
		561ECF872B6A7750006343B2 /* Sources */ = {
			isa = PBXSourcesBuildPhase;
			buildActionMask = 2147483647;
			files = (
				561ECF902B6A7750006343B2 /* MoviesListingTests.swift in Sources */,
			);
			runOnlyForDeploymentPostprocessing = 0;
		};
		561ECF912B6A7750006343B2 /* Sources */ = {
			isa = PBXSourcesBuildPhase;
			buildActionMask = 2147483647;
			files = (
				561ECF9C2B6A7750006343B2 /* MoviesListingUITestsLaunchTests.swift in Sources */,
				561ECF9A2B6A7750006343B2 /* MoviesListingUITests.swift in Sources */,
			);
			runOnlyForDeploymentPostprocessing = 0;
		};
/* End PBXSourcesBuildPhase section */

/* Begin PBXTargetDependency section */
		561ECF8D2B6A7750006343B2 /* PBXTargetDependency */ = {
			isa = PBXTargetDependency;
			target = 561ECF742B6A774E006343B2 /* MoviesListing */;
			targetProxy = 561ECF8C2B6A7750006343B2 /* PBXContainerItemProxy */;
		};
		561ECF972B6A7750006343B2 /* PBXTargetDependency */ = {
			isa = PBXTargetDependency;
			target = 561ECF742B6A774E006343B2 /* MoviesListing */;
			targetProxy = 561ECF962B6A7750006343B2 /* PBXContainerItemProxy */;
		};
/* End PBXTargetDependency section */

/* Begin PBXVariantGroup section */
		561ECF7E2B6A774E006343B2 /* Main.storyboard */ = {
			isa = PBXVariantGroup;
			children = (
				561ECF7F2B6A774E006343B2 /* Base */,
			);
			name = Main.storyboard;
			sourceTree = "<group>";
		};
		561ECF832B6A7750006343B2 /* LaunchScreen.storyboard */ = {
			isa = PBXVariantGroup;
			children = (
				561ECF842B6A7750006343B2 /* Base */,
			);
			name = LaunchScreen.storyboard;
			sourceTree = "<group>";
		};
/* End PBXVariantGroup section */

/* Begin XCBuildConfiguration section */
		561ECF9D2B6A7750006343B2 /* Debug */ = {
			isa = XCBuildConfiguration;
			buildSettings = {
				ALWAYS_SEARCH_USER_PATHS = NO;
				CLANG_ANALYZER_NONNULL = YES;
				CLANG_ANALYZER_NUMBER_OBJECT_CONVERSION = YES_AGGRESSIVE;
				CLANG_CXX_LANGUAGE_STANDARD = "gnu++20";
				CLANG_ENABLE_MODULES = YES;
				CLANG_ENABLE_OBJC_ARC = YES;
				CLANG_ENABLE_OBJC_WEAK = YES;
				CLANG_WARN_BLOCK_CAPTURE_AUTORELEASING = YES;
				CLANG_WARN_BOOL_CONVERSION = YES;
				CLANG_WARN_COMMA = YES;
				CLANG_WARN_CONSTANT_CONVERSION = YES;
				CLANG_WARN_DEPRECATED_OBJC_IMPLEMENTATIONS = YES;
				CLANG_WARN_DIRECT_OBJC_ISA_USAGE = YES_ERROR;
				CLANG_WARN_DOCUMENTATION_COMMENTS = YES;
				CLANG_WARN_EMPTY_BODY = YES;
				CLANG_WARN_ENUM_CONVERSION = YES;
				CLANG_WARN_INFINITE_RECURSION = YES;
				CLANG_WARN_INT_CONVERSION = YES;
				CLANG_WARN_NON_LITERAL_NULL_CONVERSION = YES;
				CLANG_WARN_OBJC_IMPLICIT_RETAIN_SELF = YES;
				CLANG_WARN_OBJC_LITERAL_CONVERSION = YES;
				CLANG_WARN_OBJC_ROOT_CLASS = YES_ERROR;
				CLANG_WARN_QUOTED_INCLUDE_IN_FRAMEWORK_HEADER = YES;
				CLANG_WARN_RANGE_LOOP_ANALYSIS = YES;
				CLANG_WARN_STRICT_PROTOTYPES = YES;
				CLANG_WARN_SUSPICIOUS_MOVE = YES;
				CLANG_WARN_UNGUARDED_AVAILABILITY = YES_AGGRESSIVE;
				CLANG_WARN_UNREACHABLE_CODE = YES;
				CLANG_WARN__DUPLICATE_METHOD_MATCH = YES;
				COPY_PHASE_STRIP = NO;
				DEBUG_INFORMATION_FORMAT = dwarf;
				ENABLE_STRICT_OBJC_MSGSEND = YES;
				ENABLE_TESTABILITY = YES;
				ENABLE_USER_SCRIPT_SANDBOXING = YES;
				GCC_C_LANGUAGE_STANDARD = gnu11;
				GCC_DYNAMIC_NO_PIC = NO;
				GCC_NO_COMMON_BLOCKS = YES;
				GCC_OPTIMIZATION_LEVEL = 0;
				GCC_PREPROCESSOR_DEFINITIONS = (
					"DEBUG=1",
					"$(inherited)",
				);
				GCC_WARN_64_TO_32_BIT_CONVERSION = YES;
				GCC_WARN_ABOUT_RETURN_TYPE = YES_ERROR;
				GCC_WARN_UNDECLARED_SELECTOR = YES;
				GCC_WARN_UNINITIALIZED_AUTOS = YES_AGGRESSIVE;
				GCC_WARN_UNUSED_FUNCTION = YES;
				GCC_WARN_UNUSED_VARIABLE = YES;
				IPHONEOS_DEPLOYMENT_TARGET = 16.0;
				MTL_ENABLE_DEBUG_INFO = INCLUDE_SOURCE;
				MTL_FAST_MATH = YES;
				ONLY_ACTIVE_ARCH = YES;
				SDKROOT = iphoneos;
				SWIFT_ACTIVE_COMPILATION_CONDITIONS = DEBUG;
				SWIFT_OPTIMIZATION_LEVEL = "-Onone";
			};
			name = Debug;
		};
		561ECF9E2B6A7750006343B2 /* Release */ = {
			isa = XCBuildConfiguration;
			buildSettings = {
				ALWAYS_SEARCH_USER_PATHS = NO;
				CLANG_ANALYZER_NONNULL = YES;
				CLANG_ANALYZER_NUMBER_OBJECT_CONVERSION = YES_AGGRESSIVE;
				CLANG_CXX_LANGUAGE_STANDARD = "gnu++20";
				CLANG_ENABLE_MODULES = YES;
				CLANG_ENABLE_OBJC_ARC = YES;
				CLANG_ENABLE_OBJC_WEAK = YES;
				CLANG_WARN_BLOCK_CAPTURE_AUTORELEASING = YES;
				CLANG_WARN_BOOL_CONVERSION = YES;
				CLANG_WARN_COMMA = YES;
				CLANG_WARN_CONSTANT_CONVERSION = YES;
				CLANG_WARN_DEPRECATED_OBJC_IMPLEMENTATIONS = YES;
				CLANG_WARN_DIRECT_OBJC_ISA_USAGE = YES_ERROR;
				CLANG_WARN_DOCUMENTATION_COMMENTS = YES;
				CLANG_WARN_EMPTY_BODY = YES;
				CLANG_WARN_ENUM_CONVERSION = YES;
				CLANG_WARN_INFINITE_RECURSION = YES;
				CLANG_WARN_INT_CONVERSION = YES;
				CLANG_WARN_NON_LITERAL_NULL_CONVERSION = YES;
				CLANG_WARN_OBJC_IMPLICIT_RETAIN_SELF = YES;
				CLANG_WARN_OBJC_LITERAL_CONVERSION = YES;
				CLANG_WARN_OBJC_ROOT_CLASS = YES_ERROR;
				CLANG_WARN_QUOTED_INCLUDE_IN_FRAMEWORK_HEADER = YES;
				CLANG_WARN_RANGE_LOOP_ANALYSIS = YES;
				CLANG_WARN_STRICT_PROTOTYPES = YES;
				CLANG_WARN_SUSPICIOUS_MOVE = YES;
				CLANG_WARN_UNGUARDED_AVAILABILITY = YES_AGGRESSIVE;
				CLANG_WARN_UNREACHABLE_CODE = YES;
				CLANG_WARN__DUPLICATE_METHOD_MATCH = YES;
				COPY_PHASE_STRIP = NO;
				DEBUG_INFORMATION_FORMAT = "dwarf-with-dsym";
				ENABLE_NS_ASSERTIONS = NO;
				ENABLE_STRICT_OBJC_MSGSEND = YES;
				ENABLE_USER_SCRIPT_SANDBOXING = YES;
				GCC_C_LANGUAGE_STANDARD = gnu11;
				GCC_NO_COMMON_BLOCKS = YES;
				GCC_WARN_64_TO_32_BIT_CONVERSION = YES;
				GCC_WARN_ABOUT_RETURN_TYPE = YES_ERROR;
				GCC_WARN_UNDECLARED_SELECTOR = YES;
				GCC_WARN_UNINITIALIZED_AUTOS = YES_AGGRESSIVE;
				GCC_WARN_UNUSED_FUNCTION = YES;
				GCC_WARN_UNUSED_VARIABLE = YES;
				IPHONEOS_DEPLOYMENT_TARGET = 16.0;
				MTL_ENABLE_DEBUG_INFO = NO;
				MTL_FAST_MATH = YES;
				SDKROOT = iphoneos;
				SWIFT_COMPILATION_MODE = wholemodule;
				SWIFT_OPTIMIZATION_LEVEL = "-O";
				VALIDATE_PRODUCT = YES;
			};
			name = Release;
		};
		561ECFA02B6A7750006343B2 /* Debug */ = {
			isa = XCBuildConfiguration;
			baseConfigurationReference = 0CEB62D5839AB5FAFE894A4D /* Pods-MoviesListing.debug.xcconfig */;
			buildSettings = {
				ASSETCATALOG_COMPILER_APPICON_NAME = AppIcon;
				ASSETCATALOG_COMPILER_GLOBAL_ACCENT_COLOR_NAME = AccentColor;
				CODE_SIGN_STYLE = Automatic;
				CURRENT_PROJECT_VERSION = 1;
				DEVELOPMENT_TEAM = 7UC66HJKGD;
				GENERATE_INFOPLIST_FILE = YES;
				INFOPLIST_FILE = MoviesListing/Info.plist;
				INFOPLIST_KEY_UIApplicationSupportsIndirectInputEvents = YES;
				INFOPLIST_KEY_UILaunchStoryboardName = LaunchScreen;
				INFOPLIST_KEY_UIMainStoryboardFile = Main;
				INFOPLIST_KEY_UISupportedInterfaceOrientations_iPad = "UIInterfaceOrientationPortrait UIInterfaceOrientationPortraitUpsideDown UIInterfaceOrientationLandscapeLeft UIInterfaceOrientationLandscapeRight";
				INFOPLIST_KEY_UISupportedInterfaceOrientations_iPhone = "UIInterfaceOrientationPortrait UIInterfaceOrientationLandscapeLeft UIInterfaceOrientationLandscapeRight";
				LD_RUNPATH_SEARCH_PATHS = (
					"$(inherited)",
					"@executable_path/Frameworks",
				);
				MARKETING_VERSION = 1.0;
				PRODUCT_BUNDLE_IDENTIFIER = com.quinbay.MoviesListing;
				PRODUCT_NAME = "$(TARGET_NAME)";
				SWIFT_EMIT_LOC_STRINGS = YES;
				SWIFT_VERSION = 5.0;
				TARGETED_DEVICE_FAMILY = "1,2";
			};
			name = Debug;
		};
		561ECFA12B6A7750006343B2 /* Release */ = {
			isa = XCBuildConfiguration;
			baseConfigurationReference = A429EB2E0053C2B0853DE4FC /* Pods-MoviesListing.release.xcconfig */;
			buildSettings = {
				ASSETCATALOG_COMPILER_APPICON_NAME = AppIcon;
				ASSETCATALOG_COMPILER_GLOBAL_ACCENT_COLOR_NAME = AccentColor;
				CODE_SIGN_STYLE = Automatic;
				CURRENT_PROJECT_VERSION = 1;
				DEVELOPMENT_TEAM = 7UC66HJKGD;
				GENERATE_INFOPLIST_FILE = YES;
				INFOPLIST_FILE = MoviesListing/Info.plist;
				INFOPLIST_KEY_UIApplicationSupportsIndirectInputEvents = YES;
				INFOPLIST_KEY_UILaunchStoryboardName = LaunchScreen;
				INFOPLIST_KEY_UIMainStoryboardFile = Main;
				INFOPLIST_KEY_UISupportedInterfaceOrientations_iPad = "UIInterfaceOrientationPortrait UIInterfaceOrientationPortraitUpsideDown UIInterfaceOrientationLandscapeLeft UIInterfaceOrientationLandscapeRight";
				INFOPLIST_KEY_UISupportedInterfaceOrientations_iPhone = "UIInterfaceOrientationPortrait UIInterfaceOrientationLandscapeLeft UIInterfaceOrientationLandscapeRight";
				LD_RUNPATH_SEARCH_PATHS = (
					"$(inherited)",
					"@executable_path/Frameworks",
				);
				MARKETING_VERSION = 1.0;
				PRODUCT_BUNDLE_IDENTIFIER = com.quinbay.MoviesListing;
				PRODUCT_NAME = "$(TARGET_NAME)";
				SWIFT_EMIT_LOC_STRINGS = YES;
				SWIFT_VERSION = 5.0;
				TARGETED_DEVICE_FAMILY = "1,2";
			};
			name = Release;
		};
		561ECFA32B6A7750006343B2 /* Debug */ = {
			isa = XCBuildConfiguration;
			baseConfigurationReference = 9E58735299379BF100F63505 /* Pods-MoviesListingTests.debug.xcconfig */;
			buildSettings = {
				ALWAYS_EMBED_SWIFT_STANDARD_LIBRARIES = YES;
				BUNDLE_LOADER = "$(TEST_HOST)";
				CODE_SIGN_STYLE = Automatic;
				CURRENT_PROJECT_VERSION = 1;
				DEVELOPMENT_TEAM = 7UC66HJKGD;
				GENERATE_INFOPLIST_FILE = YES;
				IPHONEOS_DEPLOYMENT_TARGET = 16.0;
				MARKETING_VERSION = 1.0;
				PRODUCT_BUNDLE_IDENTIFIER = com.quinbay.MoviesListingTests;
				PRODUCT_NAME = "$(TARGET_NAME)";
				SWIFT_EMIT_LOC_STRINGS = NO;
				SWIFT_VERSION = 5.0;
				TARGETED_DEVICE_FAMILY = "1,2";
				TEST_HOST = "$(BUILT_PRODUCTS_DIR)/MoviesListing.app/$(BUNDLE_EXECUTABLE_FOLDER_PATH)/MoviesListing";
			};
			name = Debug;
		};
		561ECFA42B6A7750006343B2 /* Release */ = {
			isa = XCBuildConfiguration;
			baseConfigurationReference = B56DD36E3F93458A8236FBE7 /* Pods-MoviesListingTests.release.xcconfig */;
			buildSettings = {
				ALWAYS_EMBED_SWIFT_STANDARD_LIBRARIES = YES;
				BUNDLE_LOADER = "$(TEST_HOST)";
				CODE_SIGN_STYLE = Automatic;
				CURRENT_PROJECT_VERSION = 1;
				DEVELOPMENT_TEAM = 7UC66HJKGD;
				GENERATE_INFOPLIST_FILE = YES;
				IPHONEOS_DEPLOYMENT_TARGET = 16.0;
				MARKETING_VERSION = 1.0;
				PRODUCT_BUNDLE_IDENTIFIER = com.quinbay.MoviesListingTests;
				PRODUCT_NAME = "$(TARGET_NAME)";
				SWIFT_EMIT_LOC_STRINGS = NO;
				SWIFT_VERSION = 5.0;
				TARGETED_DEVICE_FAMILY = "1,2";
				TEST_HOST = "$(BUILT_PRODUCTS_DIR)/MoviesListing.app/$(BUNDLE_EXECUTABLE_FOLDER_PATH)/MoviesListing";
			};
			name = Release;
		};
		561ECFA62B6A7750006343B2 /* Debug */ = {
			isa = XCBuildConfiguration;
			baseConfigurationReference = ABCBAEA581FFBF039650D8B0 /* Pods-MoviesListing-MoviesListingUITests.debug.xcconfig */;
			buildSettings = {
				ALWAYS_EMBED_SWIFT_STANDARD_LIBRARIES = YES;
				CODE_SIGN_STYLE = Automatic;
				CURRENT_PROJECT_VERSION = 1;
				DEVELOPMENT_TEAM = 7UC66HJKGD;
				GENERATE_INFOPLIST_FILE = YES;
				MARKETING_VERSION = 1.0;
				PRODUCT_BUNDLE_IDENTIFIER = com.quinbay.MoviesListingUITests;
				PRODUCT_NAME = "$(TARGET_NAME)";
				SWIFT_EMIT_LOC_STRINGS = NO;
				SWIFT_VERSION = 5.0;
				TARGETED_DEVICE_FAMILY = "1,2";
				TEST_TARGET_NAME = MoviesListing;
			};
			name = Debug;
		};
		561ECFA72B6A7750006343B2 /* Release */ = {
			isa = XCBuildConfiguration;
			baseConfigurationReference = FF03A02E4D0553171698800C /* Pods-MoviesListing-MoviesListingUITests.release.xcconfig */;
			buildSettings = {
				ALWAYS_EMBED_SWIFT_STANDARD_LIBRARIES = YES;
				CODE_SIGN_STYLE = Automatic;
				CURRENT_PROJECT_VERSION = 1;
				DEVELOPMENT_TEAM = 7UC66HJKGD;
				GENERATE_INFOPLIST_FILE = YES;
				MARKETING_VERSION = 1.0;
				PRODUCT_BUNDLE_IDENTIFIER = com.quinbay.MoviesListingUITests;
				PRODUCT_NAME = "$(TARGET_NAME)";
				SWIFT_EMIT_LOC_STRINGS = NO;
				SWIFT_VERSION = 5.0;
				TARGETED_DEVICE_FAMILY = "1,2";
				TEST_TARGET_NAME = MoviesListing;
			};
			name = Release;
		};
/* End XCBuildConfiguration section */

/* Begin XCConfigurationList section */
		561ECF702B6A774E006343B2 /* Build configuration list for PBXProject "MoviesListing" */ = {
			isa = XCConfigurationList;
			buildConfigurations = (
				561ECF9D2B6A7750006343B2 /* Debug */,
				561ECF9E2B6A7750006343B2 /* Release */,
			);
			defaultConfigurationIsVisible = 0;
			defaultConfigurationName = Release;
		};
		561ECF9F2B6A7750006343B2 /* Build configuration list for PBXNativeTarget "MoviesListing" */ = {
			isa = XCConfigurationList;
			buildConfigurations = (
				561ECFA02B6A7750006343B2 /* Debug */,
				561ECFA12B6A7750006343B2 /* Release */,
			);
			defaultConfigurationIsVisible = 0;
			defaultConfigurationName = Release;
		};
		561ECFA22B6A7750006343B2 /* Build configuration list for PBXNativeTarget "MoviesListingTests" */ = {
			isa = XCConfigurationList;
			buildConfigurations = (
				561ECFA32B6A7750006343B2 /* Debug */,
				561ECFA42B6A7750006343B2 /* Release */,
			);
			defaultConfigurationIsVisible = 0;
			defaultConfigurationName = Release;
		};
		561ECFA52B6A7750006343B2 /* Build configuration list for PBXNativeTarget "MoviesListingUITests" */ = {
			isa = XCConfigurationList;
			buildConfigurations = (
				561ECFA62B6A7750006343B2 /* Debug */,
				561ECFA72B6A7750006343B2 /* Release */,
			);
			defaultConfigurationIsVisible = 0;
			defaultConfigurationName = Release;
		};
/* End XCConfigurationList section */
	};
	rootObject = 561ECF6D2B6A774E006343B2 /* Project object */;
}
